// !$*UTF8*$!
{
	archiveVersion = 1;
	classes = {
	};
	objectVersion = 46;
	objects = {

/* Begin PBXBuildFile section */
		138418E31BD4C11A00901BEE /* main.m in Sources */ = {isa = PBXBuildFile; fileRef = 138418E21BD4C11A00901BEE /* main.m */; };
		138418E61BD4C11A00901BEE /* AppDelegate.m in Sources */ = {isa = PBXBuildFile; fileRef = 138418E51BD4C11A00901BEE /* AppDelegate.m */; };
		138418E91BD4C11A00901BEE /* ViewController.m in Sources */ = {isa = PBXBuildFile; fileRef = 138418E81BD4C11A00901BEE /* ViewController.m */; };
		138418EC1BD4C11A00901BEE /* Main.storyboard in Resources */ = {isa = PBXBuildFile; fileRef = 138418EA1BD4C11A00901BEE /* Main.storyboard */; };
		138418EE1BD4C11A00901BEE /* Assets.xcassets in Resources */ = {isa = PBXBuildFile; fileRef = 138418ED1BD4C11A00901BEE /* Assets.xcassets */; };
		138418F11BD4C11A00901BEE /* LaunchScreen.storyboard in Resources */ = {isa = PBXBuildFile; fileRef = 138418EF1BD4C11A00901BEE /* LaunchScreen.storyboard */; };
		138418FC1BD4C11A00901BEE /* KidsPuzzleTests.m in Sources */ = {isa = PBXBuildFile; fileRef = 138418FB1BD4C11A00901BEE /* KidsPuzzleTests.m */; };
		138419071BD4C11A00901BEE /* KidsPuzzleUITests.m in Sources */ = {isa = PBXBuildFile; fileRef = 138419061BD4C11A00901BEE /* KidsPuzzleUITests.m */; };
/* End PBXBuildFile section */

/* Begin PBXContainerItemProxy section */
		138418F81BD4C11A00901BEE /* PBXContainerItemProxy */ = {
			isa = PBXContainerItemProxy;
			containerPortal = 138418D61BD4C11A00901BEE /* Project object */;
			proxyType = 1;
			remoteGlobalIDString = 138418DD1BD4C11A00901BEE;
			remoteInfo = KidsPuzzle;
		};
		138419031BD4C11A00901BEE /* PBXContainerItemProxy */ = {
			isa = PBXContainerItemProxy;
			containerPortal = 138418D61BD4C11A00901BEE /* Project object */;
			proxyType = 1;
			remoteGlobalIDString = 138418DD1BD4C11A00901BEE;
			remoteInfo = KidsPuzzle;
		};
/* End PBXContainerItemProxy section */

/* Begin PBXFileReference section */
		138418DE1BD4C11A00901BEE /* KidsPuzzle.app */ = {isa = PBXFileReference; explicitFileType = wrapper.application; includeInIndex = 0; path = KidsPuzzle.app; sourceTree = BUILT_PRODUCTS_DIR; };
		138418E21BD4C11A00901BEE /* main.m */ = {isa = PBXFileReference; lastKnownFileType = sourcecode.c.objc; path = main.m; sourceTree = "<group>"; };
		138418E41BD4C11A00901BEE /* AppDelegate.h */ = {isa = PBXFileReference; lastKnownFileType = sourcecode.c.h; path = AppDelegate.h; sourceTree = "<group>"; };
		138418E51BD4C11A00901BEE /* AppDelegate.m */ = {isa = PBXFileReference; lastKnownFileType = sourcecode.c.objc; path = AppDelegate.m; sourceTree = "<group>"; };
		138418E71BD4C11A00901BEE /* ViewController.h */ = {isa = PBXFileReference; lastKnownFileType = sourcecode.c.h; path = ViewController.h; sourceTree = "<group>"; };
		138418E81BD4C11A00901BEE /* ViewController.m */ = {isa = PBXFileReference; lastKnownFileType = sourcecode.c.objc; path = ViewController.m; sourceTree = "<group>"; };
		138418EB1BD4C11A00901BEE /* Base */ = {isa = PBXFileReference; lastKnownFileType = file.storyboard; name = Base; path = Base.lproj/Main.storyboard; sourceTree = "<group>"; };
		138418ED1BD4C11A00901BEE /* Assets.xcassets */ = {isa = PBXFileReference; lastKnownFileType = folder.assetcatalog; path = Assets.xcassets; sourceTree = "<group>"; };
		138418F01BD4C11A00901BEE /* Base */ = {isa = PBXFileReference; lastKnownFileType = file.storyboard; name = Base; path = Base.lproj/LaunchScreen.storyboard; sourceTree = "<group>"; };
		138418F21BD4C11A00901BEE /* Info.plist */ = {isa = PBXFileReference; lastKnownFileType = text.plist.xml; path = Info.plist; sourceTree = "<group>"; };
		138418F71BD4C11A00901BEE /* KidsPuzzleTests.xctest */ = {isa = PBXFileReference; explicitFileType = wrapper.cfbundle; includeInIndex = 0; path = KidsPuzzleTests.xctest; sourceTree = BUILT_PRODUCTS_DIR; };
		138418FB1BD4C11A00901BEE /* KidsPuzzleTests.m */ = {isa = PBXFileReference; lastKnownFileType = sourcecode.c.objc; path = KidsPuzzleTests.m; sourceTree = "<group>"; };
		138418FD1BD4C11A00901BEE /* Info.plist */ = {isa = PBXFileReference; lastKnownFileType = text.plist.xml; path = Info.plist; sourceTree = "<group>"; };
		138419021BD4C11A00901BEE /* KidsPuzzleUITests.xctest */ = {isa = PBXFileReference; explicitFileType = wrapper.cfbundle; includeInIndex = 0; path = KidsPuzzleUITests.xctest; sourceTree = BUILT_PRODUCTS_DIR; };
		138419061BD4C11A00901BEE /* KidsPuzzleUITests.m */ = {isa = PBXFileReference; lastKnownFileType = sourcecode.c.objc; path = KidsPuzzleUITests.m; sourceTree = "<group>"; };
		138419081BD4C11A00901BEE /* Info.plist */ = {isa = PBXFileReference; lastKnownFileType = text.plist.xml; path = Info.plist; sourceTree = "<group>"; };
/* End PBXFileReference section */

/* Begin PBXFrameworksBuildPhase section */
		138418DB1BD4C11A00901BEE /* Frameworks */ = {
			isa = PBXFrameworksBuildPhase;
			buildActionMask = 2147483647;
			files = (
			);
			runOnlyForDeploymentPostprocessing = 0;
		};
		138418F41BD4C11A00901BEE /* Frameworks */ = {
			isa = PBXFrameworksBuildPhase;
			buildActionMask = 2147483647;
			files = (
			);
			runOnlyForDeploymentPostprocessing = 0;
		};
		138418FF1BD4C11A00901BEE /* Frameworks */ = {
			isa = PBXFrameworksBuildPhase;
			buildActionMask = 2147483647;
			files = (
			);
			runOnlyForDeploymentPostprocessing = 0;
		};
/* End PBXFrameworksBuildPhase section */

/* Begin PBXGroup section */
		138418D51BD4C11A00901BEE = {
			isa = PBXGroup;
			children = (
				138418E01BD4C11A00901BEE /* KidsPuzzle */,
				138418FA1BD4C11A00901BEE /* KidsPuzzleTests */,
				138419051BD4C11A00901BEE /* KidsPuzzleUITests */,
				138418DF1BD4C11A00901BEE /* Products */,
			);
			sourceTree = "<group>";
		};
		138418DF1BD4C11A00901BEE /* Products */ = {
			isa = PBXGroup;
			children = (
				138418DE1BD4C11A00901BEE /* KidsPuzzle.app */,
				138418F71BD4C11A00901BEE /* KidsPuzzleTests.xctest */,
				138419021BD4C11A00901BEE /* KidsPuzzleUITests.xctest */,
			);
			name = Products;
			sourceTree = "<group>";
		};
		138418E01BD4C11A00901BEE /* KidsPuzzle */ = {
			isa = PBXGroup;
			children = (
				138418E41BD4C11A00901BEE /* AppDelegate.h */,
				138418E51BD4C11A00901BEE /* AppDelegate.m */,
				138418E71BD4C11A00901BEE /* ViewController.h */,
				138418E81BD4C11A00901BEE /* ViewController.m */,
				138418EA1BD4C11A00901BEE /* Main.storyboard */,
				138418ED1BD4C11A00901BEE /* Assets.xcassets */,
				138418EF1BD4C11A00901BEE /* LaunchScreen.storyboard */,
				138418F21BD4C11A00901BEE /* Info.plist */,
				138418E11BD4C11A00901BEE /* Supporting Files */,
			);
			path = KidsPuzzle;
			sourceTree = "<group>";
		};
		138418E11BD4C11A00901BEE /* Supporting Files */ = {
			isa = PBXGroup;
			children = (
				138418E21BD4C11A00901BEE /* main.m */,
			);
			name = "Supporting Files";
			sourceTree = "<group>";
		};
		138418FA1BD4C11A00901BEE /* KidsPuzzleTests */ = {
			isa = PBXGroup;
			children = (
				138418FB1BD4C11A00901BEE /* KidsPuzzleTests.m */,
				138418FD1BD4C11A00901BEE /* Info.plist */,
			);
			path = KidsPuzzleTests;
			sourceTree = "<group>";
		};
		138419051BD4C11A00901BEE /* KidsPuzzleUITests */ = {
			isa = PBXGroup;
			children = (
				138419061BD4C11A00901BEE /* KidsPuzzleUITests.m */,
				138419081BD4C11A00901BEE /* Info.plist */,
			);
			path = KidsPuzzleUITests;
			sourceTree = "<group>";
		};
/* End PBXGroup section */

/* Begin PBXNativeTarget section */
		138418DD1BD4C11A00901BEE /* KidsPuzzle */ = {
			isa = PBXNativeTarget;
			buildConfigurationList = 1384190B1BD4C11A00901BEE /* Build configuration list for PBXNativeTarget "KidsPuzzle" */;
			buildPhases = (
				138418DA1BD4C11A00901BEE /* Sources */,
				138418DB1BD4C11A00901BEE /* Frameworks */,
				138418DC1BD4C11A00901BEE /* Resources */,
			);
			buildRules = (
			);
			dependencies = (
			);
			name = KidsPuzzle;
			productName = KidsPuzzle;
			productReference = 138418DE1BD4C11A00901BEE /* KidsPuzzle.app */;
			productType = "com.apple.product-type.application";
		};
		138418F61BD4C11A00901BEE /* KidsPuzzleTests */ = {
			isa = PBXNativeTarget;
			buildConfigurationList = 1384190E1BD4C11A00901BEE /* Build configuration list for PBXNativeTarget "KidsPuzzleTests" */;
			buildPhases = (
				138418F31BD4C11A00901BEE /* Sources */,
				138418F41BD4C11A00901BEE /* Frameworks */,
				138418F51BD4C11A00901BEE /* Resources */,
			);
			buildRules = (
			);
			dependencies = (
				138418F91BD4C11A00901BEE /* PBXTargetDependency */,
			);
			name = KidsPuzzleTests;
			productName = KidsPuzzleTests;
			productReference = 138418F71BD4C11A00901BEE /* KidsPuzzleTests.xctest */;
			productType = "com.apple.product-type.bundle.unit-test";
		};
		138419011BD4C11A00901BEE /* KidsPuzzleUITests */ = {
			isa = PBXNativeTarget;
			buildConfigurationList = 138419111BD4C11A00901BEE /* Build configuration list for PBXNativeTarget "KidsPuzzleUITests" */;
			buildPhases = (
				138418FE1BD4C11A00901BEE /* Sources */,
				138418FF1BD4C11A00901BEE /* Frameworks */,
				138419001BD4C11A00901BEE /* Resources */,
			);
			buildRules = (
			);
			dependencies = (
				138419041BD4C11A00901BEE /* PBXTargetDependency */,
			);
			name = KidsPuzzleUITests;
			productName = KidsPuzzleUITests;
			productReference = 138419021BD4C11A00901BEE /* KidsPuzzleUITests.xctest */;
			productType = "com.apple.product-type.bundle.ui-testing";
		};
/* End PBXNativeTarget section */

/* Begin PBXProject section */
		138418D61BD4C11A00901BEE /* Project object */ = {
			isa = PBXProject;
			attributes = {
				LastUpgradeCheck = 0700;
				ORGANIZATIONNAME = "Kachariya&co";
				TargetAttributes = {
					138418DD1BD4C11A00901BEE = {
						CreatedOnToolsVersion = 7.0.1;
					};
					138418F61BD4C11A00901BEE = {
						CreatedOnToolsVersion = 7.0.1;
						TestTargetID = 138418DD1BD4C11A00901BEE;
					};
					138419011BD4C11A00901BEE = {
						CreatedOnToolsVersion = 7.0.1;
						TestTargetID = 138418DD1BD4C11A00901BEE;
					};
				};
			};
			buildConfigurationList = 138418D91BD4C11A00901BEE /* Build configuration list for PBXProject "KidsPuzzle" */;
			compatibilityVersion = "Xcode 3.2";
			developmentRegion = English;
			hasScannedForEncodings = 0;
			knownRegions = (
				en,
				Base,
			);
			mainGroup = 138418D51BD4C11A00901BEE;
			productRefGroup = 138418DF1BD4C11A00901BEE /* Products */;
			projectDirPath = "";
			projectRoot = "";
			targets = (
				138418DD1BD4C11A00901BEE /* KidsPuzzle */,
				138418F61BD4C11A00901BEE /* KidsPuzzleTests */,
				138419011BD4C11A00901BEE /* KidsPuzzleUITests */,
			);
		};
/* End PBXProject section */

/* Begin PBXResourcesBuildPhase section */
		138418DC1BD4C11A00901BEE /* Resources */ = {
			isa = PBXResourcesBuildPhase;
			buildActionMask = 2147483647;
			files = (
				138418F11BD4C11A00901BEE /* LaunchScreen.storyboard in Resources */,
				138418EE1BD4C11A00901BEE /* Assets.xcassets in Resources */,
				138418EC1BD4C11A00901BEE /* Main.storyboard in Resources */,
			);
			runOnlyForDeploymentPostprocessing = 0;
		};
		138418F51BD4C11A00901BEE /* Resources */ = {
			isa = PBXResourcesBuildPhase;
			buildActionMask = 2147483647;
			files = (
			);
			runOnlyForDeploymentPostprocessing = 0;
		};
		138419001BD4C11A00901BEE /* Resources */ = {
			isa = PBXResourcesBuildPhase;
			buildActionMask = 2147483647;
			files = (
			);
			runOnlyForDeploymentPostprocessing = 0;
		};
/* End PBXResourcesBuildPhase section */

/* Begin PBXSourcesBuildPhase section */
		138418DA1BD4C11A00901BEE /* Sources */ = {
			isa = PBXSourcesBuildPhase;
			buildActionMask = 2147483647;
			files = (
				138418E91BD4C11A00901BEE /* ViewController.m in Sources */,
				138418E61BD4C11A00901BEE /* AppDelegate.m in Sources */,
				138418E31BD4C11A00901BEE /* main.m in Sources */,
			);
			runOnlyForDeploymentPostprocessing = 0;
		};
		138418F31BD4C11A00901BEE /* Sources */ = {
			isa = PBXSourcesBuildPhase;
			buildActionMask = 2147483647;
			files = (
				138418FC1BD4C11A00901BEE /* KidsPuzzleTests.m in Sources */,
			);
			runOnlyForDeploymentPostprocessing = 0;
		};
		138418FE1BD4C11A00901BEE /* Sources */ = {
			isa = PBXSourcesBuildPhase;
			buildActionMask = 2147483647;
			files = (
				138419071BD4C11A00901BEE /* KidsPuzzleUITests.m in Sources */,
			);
			runOnlyForDeploymentPostprocessing = 0;
		};
/* End PBXSourcesBuildPhase section */

/* Begin PBXTargetDependency section */
		138418F91BD4C11A00901BEE /* PBXTargetDependency */ = {
			isa = PBXTargetDependency;
			target = 138418DD1BD4C11A00901BEE /* KidsPuzzle */;
			targetProxy = 138418F81BD4C11A00901BEE /* PBXContainerItemProxy */;
		};
		138419041BD4C11A00901BEE /* PBXTargetDependency */ = {
			isa = PBXTargetDependency;
			target = 138418DD1BD4C11A00901BEE /* KidsPuzzle */;
			targetProxy = 138419031BD4C11A00901BEE /* PBXContainerItemProxy */;
		};
/* End PBXTargetDependency section */

/* Begin PBXVariantGroup section */
		138418EA1BD4C11A00901BEE /* Main.storyboard */ = {
			isa = PBXVariantGroup;
			children = (
				138418EB1BD4C11A00901BEE /* Base */,
			);
			name = Main.storyboard;
			sourceTree = "<group>";
		};
		138418EF1BD4C11A00901BEE /* LaunchScreen.storyboard */ = {
			isa = PBXVariantGroup;
			children = (
				138418F01BD4C11A00901BEE /* Base */,
			);
			name = LaunchScreen.storyboard;
			sourceTree = "<group>";
		};
/* End PBXVariantGroup section */

/* Begin XCBuildConfiguration section */
		138419091BD4C11A00901BEE /* Debug */ = {
			isa = XCBuildConfiguration;
			buildSettings = {
				ALWAYS_SEARCH_USER_PATHS = NO;
				CLANG_CXX_LANGUAGE_STANDARD = "gnu++0x";
				CLANG_CXX_LIBRARY = "libc++";
				CLANG_ENABLE_MODULES = YES;
				CLANG_ENABLE_OBJC_ARC = YES;
				CLANG_WARN_BOOL_CONVERSION = YES;
				CLANG_WARN_CONSTANT_CONVERSION = YES;
				CLANG_WARN_DIRECT_OBJC_ISA_USAGE = YES_ERROR;
				CLANG_WARN_EMPTY_BODY = YES;
				CLANG_WARN_ENUM_CONVERSION = YES;
				CLANG_WARN_INT_CONVERSION = YES;
				CLANG_WARN_OBJC_ROOT_CLASS = YES_ERROR;
				CLANG_WARN_UNREACHABLE_CODE = YES;
				CLANG_WARN__DUPLICATE_METHOD_MATCH = YES;
				"CODE_SIGN_IDENTITY[sdk=iphoneos*]" = "iPhone Developer";
				COPY_PHASE_STRIP = NO;
				DEBUG_INFORMATION_FORMAT = dwarf;
				ENABLE_STRICT_OBJC_MSGSEND = YES;
				ENABLE_TESTABILITY = YES;
				GCC_C_LANGUAGE_STANDARD = gnu99;
				GCC_DYNAMIC_NO_PIC = NO;
				GCC_NO_COMMON_BLOCKS = YES;
				GCC_OPTIMIZATION_LEVEL = 0;
				GCC_PREPROCESSOR_DEFINITIONS = (
					"DEBUG=1",
					"$(inherited)",
				);
				GCC_WARN_64_TO_32_BIT_CONVERSION = YES;
				GCC_WARN_ABOUT_RETURN_TYPE = YES_ERROR;
				GCC_WARN_UNDECLARED_SELECTOR = YES;
				GCC_WARN_UNINITIALIZED_AUTOS = YES_AGGRESSIVE;
				GCC_WARN_UNUSED_FUNCTION = YES;
				GCC_WARN_UNUSED_VARIABLE = YES;
				IPHONEOS_DEPLOYMENT_TARGET = 9.0;
				MTL_ENABLE_DEBUG_INFO = YES;
				ONLY_ACTIVE_ARCH = YES;
				SDKROOT = iphoneos;
			};
			name = Debug;
		};
		1384190A1BD4C11A00901BEE /* Release */ = {
			isa = XCBuildConfiguration;
			buildSettings = {
				ALWAYS_SEARCH_USER_PATHS = NO;
				CLANG_CXX_LANGUAGE_STANDARD = "gnu++0x";
				CLANG_CXX_LIBRARY = "libc++";
				CLANG_ENABLE_MODULES = YES;
				CLANG_ENABLE_OBJC_ARC = YES;
				CLANG_WARN_BOOL_CONVERSION = YES;
				CLANG_WARN_CONSTANT_CONVERSION = YES;
				CLANG_WARN_DIRECT_OBJC_ISA_USAGE = YES_ERROR;
				CLANG_WARN_EMPTY_BODY = YES;
				CLANG_WARN_ENUM_CONVERSION = YES;
				CLANG_WARN_INT_CONVERSION = YES;
				CLANG_WARN_OBJC_ROOT_CLASS = YES_ERROR;
				CLANG_WARN_UNREACHABLE_CODE = YES;
				CLANG_WARN__DUPLICATE_METHOD_MATCH = YES;
				"CODE_SIGN_IDENTITY[sdk=iphoneos*]" = "iPhone Developer";
				COPY_PHASE_STRIP = NO;
				DEBUG_INFORMATION_FORMAT = "dwarf-with-dsym";
				ENABLE_NS_ASSERTIONS = NO;
				ENABLE_STRICT_OBJC_MSGSEND = YES;
				GCC_C_LANGUAGE_STANDARD = gnu99;
				GCC_NO_COMMON_BLOCKS = YES;
				GCC_WARN_64_TO_32_BIT_CONVERSION = YES;
				GCC_WARN_ABOUT_RETURN_TYPE = YES_ERROR;
				GCC_WARN_UNDECLARED_SELECTOR = YES;
				GCC_WARN_UNINITIALIZED_AUTOS = YES_AGGRESSIVE;
				GCC_WARN_UNUSED_FUNCTION = YES;
				GCC_WARN_UNUSED_VARIABLE = YES;
				IPHONEOS_DEPLOYMENT_TARGET = 9.0;
				MTL_ENABLE_DEBUG_INFO = NO;
				SDKROOT = iphoneos;
				VALIDATE_PRODUCT = YES;
			};
			name = Release;
		};
		1384190C1BD4C11A00901BEE /* Debug */ = {
			isa = XCBuildConfiguration;
			buildSettings = {
				ASSETCATALOG_COMPILER_APPICON_NAME = AppIcon;
				INFOPLIST_FILE = KidsPuzzle/Info.plist;
				LD_RUNPATH_SEARCH_PATHS = "$(inherited) @executable_path/Frameworks";
				PRODUCT_BUNDLE_IDENTIFIER = com.kachariya.KidsPuzzle.KidsPuzzle;
				PRODUCT_NAME = "$(TARGET_NAME)";
			};
			name = Debug;
		};
		1384190D1BD4C11A00901BEE /* Release */ = {
			isa = XCBuildConfiguration;
			buildSettings = {
				ASSETCATALOG_COMPILER_APPICON_NAME = AppIcon;
				INFOPLIST_FILE = KidsPuzzle/Info.plist;
				LD_RUNPATH_SEARCH_PATHS = "$(inherited) @executable_path/Frameworks";
				PRODUCT_BUNDLE_IDENTIFIER = com.kachariya.KidsPuzzle.KidsPuzzle;
				PRODUCT_NAME = "$(TARGET_NAME)";
			};
			name = Release;
		};
		1384190F1BD4C11A00901BEE /* Debug */ = {
			isa = XCBuildConfiguration;
			buildSettings = {
				BUNDLE_LOADER = "$(TEST_HOST)";
				INFOPLIST_FILE = KidsPuzzleTests/Info.plist;
				LD_RUNPATH_SEARCH_PATHS = "$(inherited) @executable_path/Frameworks @loader_path/Frameworks";
				PRODUCT_BUNDLE_IDENTIFIER = com.kachariya.KidsPuzzle.KidsPuzzleTests;
				PRODUCT_NAME = "$(TARGET_NAME)";
				TEST_HOST = "$(BUILT_PRODUCTS_DIR)/KidsPuzzle.app/KidsPuzzle";
			};
			name = Debug;
		};
		138419101BD4C11A00901BEE /* Release */ = {
			isa = XCBuildConfiguration;
			buildSettings = {
				BUNDLE_LOADER = "$(TEST_HOST)";
				INFOPLIST_FILE = KidsPuzzleTests/Info.plist;
				LD_RUNPATH_SEARCH_PATHS = "$(inherited) @executable_path/Frameworks @loader_path/Frameworks";
				PRODUCT_BUNDLE_IDENTIFIER = com.kachariya.KidsPuzzle.KidsPuzzleTests;
				PRODUCT_NAME = "$(TARGET_NAME)";
				TEST_HOST = "$(BUILT_PRODUCTS_DIR)/KidsPuzzle.app/KidsPuzzle";
			};
			name = Release;
		};
		138419121BD4C11A00901BEE /* Debug */ = {
			isa = XCBuildConfiguration;
			buildSettings = {
				INFOPLIST_FILE = KidsPuzzleUITests/Info.plist;
				LD_RUNPATH_SEARCH_PATHS = "$(inherited) @executable_path/Frameworks @loader_path/Frameworks";
				PRODUCT_BUNDLE_IDENTIFIER = com.kachariya.KidsPuzzle.KidsPuzzleUITests;
				PRODUCT_NAME = "$(TARGET_NAME)";
				TEST_TARGET_NAME = KidsPuzzle;
				USES_XCTRUNNER = YES;
			};
			name = Debug;
		};
		138419131BD4C11A00901BEE /* Release */ = {
			isa = XCBuildConfiguration;
			buildSettings = {
				INFOPLIST_FILE = KidsPuzzleUITests/Info.plist;
				LD_RUNPATH_SEARCH_PATHS = "$(inherited) @executable_path/Frameworks @loader_path/Frameworks";
				PRODUCT_BUNDLE_IDENTIFIER = com.kachariya.KidsPuzzle.KidsPuzzleUITests;
				PRODUCT_NAME = "$(TARGET_NAME)";
				TEST_TARGET_NAME = KidsPuzzle;
				USES_XCTRUNNER = YES;
			};
			name = Release;
		};
/* End XCBuildConfiguration section */

/* Begin XCConfigurationList section */
		138418D91BD4C11A00901BEE /* Build configuration list for PBXProject "KidsPuzzle" */ = {
			isa = XCConfigurationList;
			buildConfigurations = (
				138419091BD4C11A00901BEE /* Debug */,
				1384190A1BD4C11A00901BEE /* Release */,
			);
			defaultConfigurationIsVisible = 0;
			defaultConfigurationName = Release;
		};
		1384190B1BD4C11A00901BEE /* Build configuration list for PBXNativeTarget "KidsPuzzle" */ = {
			isa = XCConfigurationList;
			buildConfigurations = (
				1384190C1BD4C11A00901BEE /* Debug */,
				1384190D1BD4C11A00901BEE /* Release */,
			);
			defaultConfigurationIsVisible = 0;
		};
		1384190E1BD4C11A00901BEE /* Build configuration list for PBXNativeTarget "KidsPuzzleTests" */ = {
			isa = XCConfigurationList;
			buildConfigurations = (
				1384190F1BD4C11A00901BEE /* Debug */,
				138419101BD4C11A00901BEE /* Release */,
			);
			defaultConfigurationIsVisible = 0;
		};
		138419111BD4C11A00901BEE /* Build configuration list for PBXNativeTarget "KidsPuzzleUITests" */ = {
			isa = XCConfigurationList;
			buildConfigurations = (
				138419121BD4C11A00901BEE /* Debug */,
				138419131BD4C11A00901BEE /* Release */,
			);
			defaultConfigurationIsVisible = 0;
		};
/* End XCConfigurationList section */
	};
	rootObject = 138418D61BD4C11A00901BEE /* Project object */;
}
